
Microsoft Visual Studio Solution File, Format Version 12.00
# Visual Studio Version 17
VisualStudioVersion = 17.3.32929.385
MinimumVisualStudioVersion = 10.0.40219.1
Project("{FAE04EC0-301F-11D3-BF4B-00C04F79EFBC}") = "HW1.3.2", "HW1.3.2.csproj", "{232204E9-57DC-4AA6-9E5C-E4DB1876DCC9}"
EndProject
Global
	GlobalSection(SolutionConfigurationPlatforms) = preSolution
		Debug|Any CPU = Debug|Any CPU
		Release|Any CPU = Release|Any CPU
	EndGlobalSection
	GlobalSection(ProjectConfigurationPlatforms) = postSolution
		{232204E9-57DC-4AA6-9E5C-E4DB1876DCC9}.Debug|Any CPU.ActiveCfg = Debug|Any CPU
		{232204E9-57DC-4AA6-9E5C-E4DB1876DCC9}.Debug|Any CPU.Build.0 = Debug|Any CPU
		{232204E9-57DC-4AA6-9E5C-E4DB1876DCC9}.Release|Any CPU.ActiveCfg = Release|Any CPU
		{232204E9-57DC-4AA6-9E5C-E4DB1876DCC9}.Release|Any CPU.Build.0 = Release|Any CPU
	EndGlobalSection
	GlobalSection(SolutionProperties) = preSolution
		HideSolutionNode = FALSE
	EndGlobalSection
	GlobalSection(ExtensibilityGlobals) = postSolution
		SolutionGuid = {381CF43E-E731-44DD-B74C-D9ACE809BC70}
	EndGlobalSection
EndGlobal
