
Microsoft Visual Studio Solution File, Format Version 12.00
# Visual Studio Version 17
VisualStudioVersion = 17.3.32929.385
MinimumVisualStudioVersion = 10.0.40219.1
Project("{FAE04EC0-301F-11D3-BF4B-00C04F79EFBC}") = "HW2.4", "HW2.4.csproj", "{E2585538-C1ED-4963-BE44-4E564C73EBBD}"
EndProject
Global
	GlobalSection(SolutionConfigurationPlatforms) = preSolution
		Debug|Any CPU = Debug|Any CPU
		Release|Any CPU = Release|Any CPU
	EndGlobalSection
	GlobalSection(ProjectConfigurationPlatforms) = postSolution
		{E2585538-C1ED-4963-BE44-4E564C73EBBD}.Debug|Any CPU.ActiveCfg = Debug|Any CPU
		{E2585538-C1ED-4963-BE44-4E564C73EBBD}.Debug|Any CPU.Build.0 = Debug|Any CPU
		{E2585538-C1ED-4963-BE44-4E564C73EBBD}.Release|Any CPU.ActiveCfg = Release|Any CPU
		{E2585538-C1ED-4963-BE44-4E564C73EBBD}.Release|Any CPU.Build.0 = Release|Any CPU
	EndGlobalSection
	GlobalSection(SolutionProperties) = preSolution
		HideSolutionNode = FALSE
	EndGlobalSection
	GlobalSection(ExtensibilityGlobals) = postSolution
		SolutionGuid = {E95D0FD7-DE22-439B-8A8A-40CFB6289A2D}
	EndGlobalSection
EndGlobal
